# This file is automatically @generated by Cargo.
# It is not intended for manual editing.
version = 4

[[package]]
name = "arrayvec"
version = "0.7.6"
source = "registry+https://github.com/rust-lang/crates.io-index"
checksum = "7c02d123df017efcdfbd739ef81735b36c5ba83ec3c59c80a9d7ecc718f92e50"

[[package]]
name = "bitflags"
version = "2.7.0"
source = "registry+https://github.com/rust-lang/crates.io-index"
checksum = "1be3f42a67d6d345ecd59f675f3f012d6974981560836e938c22b424b85ce1be"

[[package]]
name = "downcast-rs"
version = "1.2.1"
source = "registry+https://github.com/rust-lang/crates.io-index"
checksum = "75b325c5dbd37f80359721ad39aca5a29fb04c89279657cffdda8736d0c0b9d2"

[[package]]
name = "libm"
version = "0.2.11"
source = "registry+https://github.com/rust-lang/crates.io-index"
checksum = "8355be11b20d696c8f18f6cc018c4e372165b1fa8126cef092399c9951984ffa"

[[package]]
name = "multi-stash"
version = "0.2.0"
source = "registry+https://github.com/rust-lang/crates.io-index"
checksum = "685a9ac4b61f4e728e1d2c6a7844609c16527aeb5e6c865915c08e619c16410f"

[[package]]
name = "smallvec"
version = "1.13.2"
source = "registry+https://github.com/rust-lang/crates.io-index"
checksum = "3c5e1a9a646d36c3599cd173a41282daf47c44583ad367b8e6837255952e5c67"

[[package]]
name = "spin"
version = "0.9.8"
source = "registry+https://github.com/rust-lang/crates.io-index"
checksum = "6980e8d7511241f8acf4aebddbb1ff938df5eebe98691418c4468d0b72a96a67"

[[package]]
name = "staticlib"
version = "0.1.0"
dependencies = [
 "wasmi",
]

[[package]]
name = "wasmi"
version = "0.40.0"
source = "registry+https://github.com/rust-lang/crates.io-index"
checksum = "a19af97fcb96045dd1d6b4d23e2b4abdbbe81723dbc5c9f016eb52145b320063"
dependencies = [
 "arrayvec",
 "multi-stash",
 "smallvec",
 "spin",
 "wasmi_collections",
 "wasmi_core",
 "wasmi_ir",
 "wasmparser",
]

[[package]]
name = "wasmi_collections"
version = "0.40.0"
source = "registry+https://github.com/rust-lang/crates.io-index"
checksum = "e80d6b275b1c922021939d561574bf376613493ae2b61c6963b15db0e8813562"

[[package]]
name = "wasmi_core"
version = "0.40.0"
source = "registry+https://github.com/rust-lang/crates.io-index"
checksum = "3a8c51482cc32d31c2c7ff211cd2bedd73c5bd057ba16a2ed0110e7a96097c33"
dependencies = [
 "downcast-rs",
 "libm",
]

[[package]]
name = "wasmi_ir"
version = "0.40.0"
source = "registry+https://github.com/rust-lang/crates.io-index"
checksum = "6e431a14c186db59212a88516788bd68ed51f87aa1e08d1df742522867b5289a"
dependencies = [
 "wasmi_core",
]

[[package]]
name = "wasmparser"
version = "0.221.2"
source = "registry+https://github.com/rust-lang/crates.io-index"
checksum = "9845c470a2e10b61dd42c385839cdd6496363ed63b5c9e420b5488b77bd22083"
dependencies = [
 "bitflags",
]
